
Microsoft Visual Studio Solution File, Format Version 12.00
# Visual Studio Version 16
VisualStudioVersion = 16.0.30804.86
MinimumVisualStudioVersion = 10.0.40219.1
Project("{9A19103F-16F7-4668-BE54-9A1E7A4F7556}") = "ContactKeeper.Domain", "ContactKeeper.Domain\ContactKeeper.Domain.csproj", "{F6181575-B746-4B6E-B854-CA7DE10E3A47}"
EndProject
Project("{2150E333-8FDC-42A3-9474-1A3956D46DE8}") = "Domain", "Domain", "{C0AEE2D4-31C9-447B-B7EF-9B10687A5316}"
EndProject
Project("{9A19103F-16F7-4668-BE54-9A1E7A4F7556}") = "ContactKeeper.Infra", "ContactKeeper.Infra\ContactKeeper.Infra.csproj", "{E70AAAB2-F907-4DC2-BBC6-3E2388BE34B2}"
EndProject
Project("{9A19103F-16F7-4668-BE54-9A1E7A4F7556}") = "ContactKeeper.Tests", "ContactKeeper.Tests\ContactKeeper.Tests.csproj", "{6915476E-F329-4CAC-8100-B54E1805D2F7}"
EndProject
Project("{2150E333-8FDC-42A3-9474-1A3956D46DE8}") = "Infra", "Infra", "{6B8D4B62-C63D-4082-8BFC-91A40B5690A3}"
EndProject
Project("{2150E333-8FDC-42A3-9474-1A3956D46DE8}") = "Tests", "Tests", "{B4E43230-E5BB-4A85-A9A8-92DF9BD87FAB}"
EndProject
Global
	GlobalSection(SolutionConfigurationPlatforms) = preSolution
		Debug|Any CPU = Debug|Any CPU
		Release|Any CPU = Release|Any CPU
	EndGlobalSection
	GlobalSection(ProjectConfigurationPlatforms) = postSolution
		{F6181575-B746-4B6E-B854-CA7DE10E3A47}.Debug|Any CPU.ActiveCfg = Debug|Any CPU
		{F6181575-B746-4B6E-B854-CA7DE10E3A47}.Debug|Any CPU.Build.0 = Debug|Any CPU
		{F6181575-B746-4B6E-B854-CA7DE10E3A47}.Release|Any CPU.ActiveCfg = Release|Any CPU
		{F6181575-B746-4B6E-B854-CA7DE10E3A47}.Release|Any CPU.Build.0 = Release|Any CPU
		{E70AAAB2-F907-4DC2-BBC6-3E2388BE34B2}.Debug|Any CPU.ActiveCfg = Debug|Any CPU
		{E70AAAB2-F907-4DC2-BBC6-3E2388BE34B2}.Debug|Any CPU.Build.0 = Debug|Any CPU
		{E70AAAB2-F907-4DC2-BBC6-3E2388BE34B2}.Release|Any CPU.ActiveCfg = Release|Any CPU
		{E70AAAB2-F907-4DC2-BBC6-3E2388BE34B2}.Release|Any CPU.Build.0 = Release|Any CPU
		{6915476E-F329-4CAC-8100-B54E1805D2F7}.Debug|Any CPU.ActiveCfg = Debug|Any CPU
		{6915476E-F329-4CAC-8100-B54E1805D2F7}.Debug|Any CPU.Build.0 = Debug|Any CPU
		{6915476E-F329-4CAC-8100-B54E1805D2F7}.Release|Any CPU.ActiveCfg = Release|Any CPU
		{6915476E-F329-4CAC-8100-B54E1805D2F7}.Release|Any CPU.Build.0 = Release|Any CPU
	EndGlobalSection
	GlobalSection(SolutionProperties) = preSolution
		HideSolutionNode = FALSE
	EndGlobalSection
	GlobalSection(NestedProjects) = preSolution
		{F6181575-B746-4B6E-B854-CA7DE10E3A47} = {C0AEE2D4-31C9-447B-B7EF-9B10687A5316}
		{E70AAAB2-F907-4DC2-BBC6-3E2388BE34B2} = {6B8D4B62-C63D-4082-8BFC-91A40B5690A3}
		{6915476E-F329-4CAC-8100-B54E1805D2F7} = {B4E43230-E5BB-4A85-A9A8-92DF9BD87FAB}
	EndGlobalSection
	GlobalSection(ExtensibilityGlobals) = postSolution
		SolutionGuid = {529D962D-21AD-43CD-863E-4951B95732D2}
	EndGlobalSection
EndGlobal
